
Microsoft Visual Studio Solution File, Format Version 12.00
# Visual Studio Version 17
VisualStudioVersion = 17.7.34202.233
MinimumVisualStudioVersion = 10.0.40219.1
Project("{FAE04EC0-301F-11D3-BF4B-00C04F79EFBC}") = "JokesApp", "JokesApp\JokesApp.csproj", "{0385A9C6-0CCE-40F1-9672-39A55140DB90}"
EndProject
Global
	GlobalSection(SolutionConfigurationPlatforms) = preSolution
		Debug|Any CPU = Debug|Any CPU
		Release|Any CPU = Release|Any CPU
	EndGlobalSection
	GlobalSection(ProjectConfigurationPlatforms) = postSolution
		{0385A9C6-0CCE-40F1-9672-39A55140DB90}.Debug|Any CPU.ActiveCfg = Debug|Any CPU
		{0385A9C6-0CCE-40F1-9672-39A55140DB90}.Debug|Any CPU.Build.0 = Debug|Any CPU
		{0385A9C6-0CCE-40F1-9672-39A55140DB90}.Release|Any CPU.ActiveCfg = Release|Any CPU
		{0385A9C6-0CCE-40F1-9672-39A55140DB90}.Release|Any CPU.Build.0 = Release|Any CPU
	EndGlobalSection
	GlobalSection(SolutionProperties) = preSolution
		HideSolutionNode = FALSE
	EndGlobalSection
	GlobalSection(ExtensibilityGlobals) = postSolution
		SolutionGuid = {EFB33B25-3828-42E4-A858-D97BE3C37EC5}
	EndGlobalSection
EndGlobal
